{
  "name": "DatingApp",
  "lockfileVersion": 3,
  "requires": true,
  "packages": {
    "": {
      "devDependencies": {
        "daisyui": "^5.1.23"
      }
    },
    "node_modules/daisyui": {
      "version": "5.1.23",
      "resolved": "https://registry.npmjs.org/daisyui/-/daisyui-5.1.23.tgz",
      "integrity": "sha512-HgxmDidqO0FrcrkMVRz7KYwQi+eoZarMVud2kx5cGhTmTlaJPne/gbsSEn4/vM1svbp40ENCMjJsbBldCXhrOA==",
      "dev": true,
      "license": "MIT",
      "funding": {
        "url": "https://github.com/saadeghi/daisyui?sponsor=1"
      }
    }
  }
}
